
Microsoft Visual Studio Solution File, Format Version 12.00
# Visual Studio Version 16
VisualStudioVersion = 16.0.29215.179
MinimumVisualStudioVersion = 10.0.40219.1
Project("{FAE04EC0-301F-11D3-BF4B-00C04F79EFBC}") = "fractions", "fractions\fractions.csproj", "{C95D2972-EAD6-4A91-AA2C-8CEAEF4E9C97}"
EndProject
Project("{FAE04EC0-301F-11D3-BF4B-00C04F79EFBC}") = "ClassLibraryFraction", "ClassLibraryFraction\ClassLibraryFraction.csproj", "{80CC0CA8-B4D4-45CC-8E94-FF681924038A}"
EndProject
Global
	GlobalSection(SolutionConfigurationPlatforms) = preSolution
		Debug|Any CPU = Debug|Any CPU
		Release|Any CPU = Release|Any CPU
	EndGlobalSection
	GlobalSection(ProjectConfigurationPlatforms) = postSolution
		{C95D2972-EAD6-4A91-AA2C-8CEAEF4E9C97}.Debug|Any CPU.ActiveCfg = Debug|Any CPU
		{C95D2972-EAD6-4A91-AA2C-8CEAEF4E9C97}.Debug|Any CPU.Build.0 = Debug|Any CPU
		{C95D2972-EAD6-4A91-AA2C-8CEAEF4E9C97}.Release|Any CPU.ActiveCfg = Release|Any CPU
		{C95D2972-EAD6-4A91-AA2C-8CEAEF4E9C97}.Release|Any CPU.Build.0 = Release|Any CPU
		{80CC0CA8-B4D4-45CC-8E94-FF681924038A}.Debug|Any CPU.ActiveCfg = Debug|Any CPU
		{80CC0CA8-B4D4-45CC-8E94-FF681924038A}.Debug|Any CPU.Build.0 = Debug|Any CPU
		{80CC0CA8-B4D4-45CC-8E94-FF681924038A}.Release|Any CPU.ActiveCfg = Release|Any CPU
		{80CC0CA8-B4D4-45CC-8E94-FF681924038A}.Release|Any CPU.Build.0 = Release|Any CPU
	EndGlobalSection
	GlobalSection(SolutionProperties) = preSolution
		HideSolutionNode = FALSE
	EndGlobalSection
	GlobalSection(ExtensibilityGlobals) = postSolution
		SolutionGuid = {83FC558F-0C17-4FCD-9B1D-25DD6C8F48A7}
	EndGlobalSection
EndGlobal
